// !$*UTF8*$!
{
	archiveVersion = 1;
	classes = {
	};
	objectVersion = 50;
	objects = {

/* Begin PBXBuildFile section */
		3BE79E7F215259C800E8FBB8 /* AppDelegate.swift in Sources */ = {isa = PBXBuildFile; fileRef = 3BE79E7E215259C800E8FBB8 /* AppDelegate.swift */; };
		3BE79E81215259C800E8FBB8 /* GameScene.sks in Resources */ = {isa = PBXBuildFile; fileRef = 3BE79E80215259C800E8FBB8 /* GameScene.sks */; };
		3BE79E83215259C800E8FBB8 /* Actions.sks in Resources */ = {isa = PBXBuildFile; fileRef = 3BE79E82215259C800E8FBB8 /* Actions.sks */; };
		3BE79E87215259C800E8FBB8 /* GameViewController.swift in Sources */ = {isa = PBXBuildFile; fileRef = 3BE79E86215259C800E8FBB8 /* GameViewController.swift */; };
		3BE79E8A215259C800E8FBB8 /* Main.storyboard in Resources */ = {isa = PBXBuildFile; fileRef = 3BE79E88215259C800E8FBB8 /* Main.storyboard */; };
		3BE79E8C215259C800E8FBB8 /* Assets.xcassets in Resources */ = {isa = PBXBuildFile; fileRef = 3BE79E8B215259C800E8FBB8 /* Assets.xcassets */; };
		3BE79E8F215259C800E8FBB8 /* LaunchScreen.storyboard in Resources */ = {isa = PBXBuildFile; fileRef = 3BE79E8D215259C800E8FBB8 /* LaunchScreen.storyboard */; };
		3BE79E9A215259C900E8FBB8 /* FEMOTests.swift in Sources */ = {isa = PBXBuildFile; fileRef = 3BE79E99215259C900E8FBB8 /* FEMOTests.swift */; };
		3BE79EA5215259C900E8FBB8 /* FEMOUITests.swift in Sources */ = {isa = PBXBuildFile; fileRef = 3BE79EA4215259C900E8FBB8 /* FEMOUITests.swift */; };
		EA4E80BB2154EA4B0036CC2B /* QuestionViewController.swift in Sources */ = {isa = PBXBuildFile; fileRef = EA4E80BA2154EA4B0036CC2B /* QuestionViewController.swift */; };
		EA4E80BE2154F49A0036CC2B /* QuestionPopupViewController.storyboard in Resources */ = {isa = PBXBuildFile; fileRef = EA4E80BC2154F49A0036CC2B /* QuestionPopupViewController.storyboard */; };
		EA4E80C5215523900036CC2B /* Question.swift in Sources */ = {isa = PBXBuildFile; fileRef = EA4E80C4215523900036CC2B /* Question.swift */; };
		EA4E80C72155247E0036CC2B /* QuestionList.swift in Sources */ = {isa = PBXBuildFile; fileRef = EA4E80C62155247E0036CC2B /* QuestionList.swift */; };
		EA4E80CE21555DF50036CC2B /* QuestionScene.sks in Resources */ = {isa = PBXBuildFile; fileRef = EA4E80CD21555DF50036CC2B /* QuestionScene.sks */; };
		EA814AD021567693008E145C /* QuestionScene.swift in Sources */ = {isa = PBXBuildFile; fileRef = EA814ACF21567693008E145C /* QuestionScene.swift */; };
		EAB15C942152958F00304419 /* tap.wav in Resources */ = {isa = PBXBuildFile; fileRef = EAB15C932152958F00304419 /* tap.wav */; };
		EADEA1F9215922220012211A /* GameScene.swift in Sources */ = {isa = PBXBuildFile; fileRef = EADEA1F8215922220012211A /* GameScene.swift */; };
		EADEA1FB215922300012211A /* Ta Da-Sound.wav in Resources */ = {isa = PBXBuildFile; fileRef = EADEA1FA215922300012211A /* Ta Da-Sound.wav */; };
		EADEA1FF2159223A0012211A /* Information.sks in Resources */ = {isa = PBXBuildFile; fileRef = EADEA1FD2159223A0012211A /* Information.sks */; };
		EADEA2002159223A0012211A /* InformationScene.swift in Sources */ = {isa = PBXBuildFile; fileRef = EADEA1FE2159223A0012211A /* InformationScene.swift */; };
		EADEA204215922400012211A /* Main_page.swift in Sources */ = {isa = PBXBuildFile; fileRef = EADEA202215922400012211A /* Main_page.swift */; };
		EADEA205215922400012211A /* Main_page.sks in Resources */ = {isa = PBXBuildFile; fileRef = EADEA203215922400012211A /* Main_page.sks */; };
		EAF2530F2158FD55001FB9CF /* Starfield.sks in Resources */ = {isa = PBXBuildFile; fileRef = EAF2530E2158FD55001FB9CF /* Starfield.sks */; };
/* End PBXBuildFile section */

/* Begin PBXContainerItemProxy section */
		3BE79E96215259C900E8FBB8 /* PBXContainerItemProxy */ = {
			isa = PBXContainerItemProxy;
			containerPortal = 3BE79E73215259C800E8FBB8 /* Project object */;
			proxyType = 1;
			remoteGlobalIDString = 3BE79E7A215259C800E8FBB8;
			remoteInfo = FEMO;
		};
		3BE79EA1215259C900E8FBB8 /* PBXContainerItemProxy */ = {
			isa = PBXContainerItemProxy;
			containerPortal = 3BE79E73215259C800E8FBB8 /* Project object */;
			proxyType = 1;
			remoteGlobalIDString = 3BE79E7A215259C800E8FBB8;
			remoteInfo = FEMO;
		};
/* End PBXContainerItemProxy section */

/* Begin PBXFileReference section */
		3BE79E7B215259C800E8FBB8 /* FEMO.app */ = {isa = PBXFileReference; explicitFileType = wrapper.application; includeInIndex = 0; path = FEMO.app; sourceTree = BUILT_PRODUCTS_DIR; };
		3BE79E7E215259C800E8FBB8 /* AppDelegate.swift */ = {isa = PBXFileReference; lastKnownFileType = sourcecode.swift; path = AppDelegate.swift; sourceTree = "<group>"; };
		3BE79E80215259C800E8FBB8 /* GameScene.sks */ = {isa = PBXFileReference; lastKnownFileType = file.sks; path = GameScene.sks; sourceTree = "<group>"; };
		3BE79E82215259C800E8FBB8 /* Actions.sks */ = {isa = PBXFileReference; lastKnownFileType = file.sks; path = Actions.sks; sourceTree = "<group>"; };
		3BE79E86215259C800E8FBB8 /* GameViewController.swift */ = {isa = PBXFileReference; lastKnownFileType = sourcecode.swift; path = GameViewController.swift; sourceTree = "<group>"; };
		3BE79E89215259C800E8FBB8 /* Base */ = {isa = PBXFileReference; lastKnownFileType = file.storyboard; name = Base; path = Base.lproj/Main.storyboard; sourceTree = "<group>"; };
		3BE79E8B215259C800E8FBB8 /* Assets.xcassets */ = {isa = PBXFileReference; lastKnownFileType = folder.assetcatalog; path = Assets.xcassets; sourceTree = "<group>"; };
		3BE79E8E215259C800E8FBB8 /* Base */ = {isa = PBXFileReference; lastKnownFileType = file.storyboard; name = Base; path = Base.lproj/LaunchScreen.storyboard; sourceTree = "<group>"; };
		3BE79E90215259C800E8FBB8 /* Info.plist */ = {isa = PBXFileReference; lastKnownFileType = text.plist.xml; path = Info.plist; sourceTree = "<group>"; };
		3BE79E95215259C900E8FBB8 /* FEMOTests.xctest */ = {isa = PBXFileReference; explicitFileType = wrapper.cfbundle; includeInIndex = 0; path = FEMOTests.xctest; sourceTree = BUILT_PRODUCTS_DIR; };
		3BE79E99215259C900E8FBB8 /* FEMOTests.swift */ = {isa = PBXFileReference; lastKnownFileType = sourcecode.swift; path = FEMOTests.swift; sourceTree = "<group>"; };
		3BE79E9B215259C900E8FBB8 /* Info.plist */ = {isa = PBXFileReference; lastKnownFileType = text.plist.xml; path = Info.plist; sourceTree = "<group>"; };
		3BE79EA0215259C900E8FBB8 /* FEMOUITests.xctest */ = {isa = PBXFileReference; explicitFileType = wrapper.cfbundle; includeInIndex = 0; path = FEMOUITests.xctest; sourceTree = BUILT_PRODUCTS_DIR; };
		3BE79EA4215259C900E8FBB8 /* FEMOUITests.swift */ = {isa = PBXFileReference; lastKnownFileType = sourcecode.swift; path = FEMOUITests.swift; sourceTree = "<group>"; };
		3BE79EA6215259C900E8FBB8 /* Info.plist */ = {isa = PBXFileReference; lastKnownFileType = text.plist.xml; path = Info.plist; sourceTree = "<group>"; };
		3BE79EB221525A8F00E8FBB8 /* README.md */ = {isa = PBXFileReference; lastKnownFileType = net.daringfireball.markdown; path = README.md; sourceTree = "<group>"; };
		EA4E80BA2154EA4B0036CC2B /* QuestionViewController.swift */ = {isa = PBXFileReference; lastKnownFileType = sourcecode.swift; path = QuestionViewController.swift; sourceTree = "<group>"; };
		EA4E80BD2154F49A0036CC2B /* Base */ = {isa = PBXFileReference; lastKnownFileType = file.storyboard; name = Base; path = FEMO/Base.lproj/QuestionPopupViewController.storyboard; sourceTree = "<group>"; };
		EA4E80C4215523900036CC2B /* Question.swift */ = {isa = PBXFileReference; lastKnownFileType = sourcecode.swift; path = Question.swift; sourceTree = "<group>"; };
		EA4E80C62155247E0036CC2B /* QuestionList.swift */ = {isa = PBXFileReference; lastKnownFileType = sourcecode.swift; path = QuestionList.swift; sourceTree = "<group>"; };
		EA4E80CD21555DF50036CC2B /* QuestionScene.sks */ = {isa = PBXFileReference; lastKnownFileType = file.sks; path = QuestionScene.sks; sourceTree = "<group>"; };
		EA814ACF21567693008E145C /* QuestionScene.swift */ = {isa = PBXFileReference; lastKnownFileType = sourcecode.swift; path = QuestionScene.swift; sourceTree = "<group>"; };
		EAB15C932152958F00304419 /* tap.wav */ = {isa = PBXFileReference; lastKnownFileType = audio.wav; path = tap.wav; sourceTree = "<group>"; };
		EADEA1F8215922220012211A /* GameScene.swift */ = {isa = PBXFileReference; fileEncoding = 4; lastKnownFileType = sourcecode.swift; path = GameScene.swift; sourceTree = "<group>"; };
		EADEA1FA215922300012211A /* Ta Da-Sound.wav */ = {isa = PBXFileReference; lastKnownFileType = audio.wav; name = "Ta Da-Sound.wav"; path = "../../../../Desktop/tempFEMOfiles/Ta Da-Sound.wav"; sourceTree = "<group>"; };
		EADEA1FD2159223A0012211A /* Information.sks */ = {isa = PBXFileReference; lastKnownFileType = file.sks; path = Information.sks; sourceTree = "<group>"; };
		EADEA1FE2159223A0012211A /* InformationScene.swift */ = {isa = PBXFileReference; fileEncoding = 4; lastKnownFileType = sourcecode.swift; path = InformationScene.swift; sourceTree = "<group>"; };
		EADEA202215922400012211A /* Main_page.swift */ = {isa = PBXFileReference; fileEncoding = 4; lastKnownFileType = sourcecode.swift; path = Main_page.swift; sourceTree = "<group>"; };
		EADEA203215922400012211A /* Main_page.sks */ = {isa = PBXFileReference; lastKnownFileType = file.sks; path = Main_page.sks; sourceTree = "<group>"; };
		EAF2530E2158FD55001FB9CF /* Starfield.sks */ = {isa = PBXFileReference; lastKnownFileType = file.sks; path = Starfield.sks; sourceTree = "<group>"; };
/* End PBXFileReference section */

/* Begin PBXFrameworksBuildPhase section */
		3BE79E78215259C800E8FBB8 /* Frameworks */ = {
			isa = PBXFrameworksBuildPhase;
			buildActionMask = 2147483647;
			files = (
			);
			runOnlyForDeploymentPostprocessing = 0;
		};
		3BE79E92215259C900E8FBB8 /* Frameworks */ = {
			isa = PBXFrameworksBuildPhase;
			buildActionMask = 2147483647;
			files = (
			);
			runOnlyForDeploymentPostprocessing = 0;
		};
		3BE79E9D215259C900E8FBB8 /* Frameworks */ = {
			isa = PBXFrameworksBuildPhase;
			buildActionMask = 2147483647;
			files = (
			);
			runOnlyForDeploymentPostprocessing = 0;
		};
/* End PBXFrameworksBuildPhase section */

/* Begin PBXGroup section */
		3BE79E72215259C800E8FBB8 = {
			isa = PBXGroup;
			children = (
				3BE79EB221525A8F00E8FBB8 /* README.md */,
				3BE79E7D215259C800E8FBB8 /* FEMO */,
				3BE79E98215259C900E8FBB8 /* FEMOTests */,
				3BE79EA3215259C900E8FBB8 /* FEMOUITests */,
				3BE79E7C215259C800E8FBB8 /* Products */,
			);
			sourceTree = "<group>";
		};
		3BE79E7C215259C800E8FBB8 /* Products */ = {
			isa = PBXGroup;
			children = (
				3BE79E7B215259C800E8FBB8 /* FEMO.app */,
				3BE79E95215259C900E8FBB8 /* FEMOTests.xctest */,
				3BE79EA0215259C900E8FBB8 /* FEMOUITests.xctest */,
			);
			name = Products;
			sourceTree = "<group>";
		};
		3BE79E7D215259C800E8FBB8 /* FEMO */ = {
			isa = PBXGroup;
			children = (
				3BE79E7E215259C800E8FBB8 /* AppDelegate.swift */,
				3BE79E86215259C800E8FBB8 /* GameViewController.swift */,
				3BE79E82215259C800E8FBB8 /* Actions.sks */,
				3BE79E88215259C800E8FBB8 /* Main.storyboard */,
				EADEA201215922400012211A /* Main_Page */,
				EADEA1FC2159223A0012211A /* Information_Page */,
				EA814AD1215676A6008E145C /* QuestionScene */,
				EA4E80CA215554DE0036CC2B /* SpaceGameScene */,
				EAB15C922152958F00304419 /* Sounds */,
				EAF2530E2158FD55001FB9CF /* Starfield.sks */,
				3BE79E8B215259C800E8FBB8 /* Assets.xcassets */,
				3BE79E8D215259C800E8FBB8 /* LaunchScreen.storyboard */,
				3BE79E90215259C800E8FBB8 /* Info.plist */,
				EA4E80BA2154EA4B0036CC2B /* QuestionViewController.swift */,
				EA4E80BC2154F49A0036CC2B /* QuestionPopupViewController.storyboard */,
				EA4E80C4215523900036CC2B /* Question.swift */,
				EA4E80C62155247E0036CC2B /* QuestionList.swift */,
			);
			path = FEMO;
			sourceTree = "<group>";
		};
		3BE79E98215259C900E8FBB8 /* FEMOTests */ = {
			isa = PBXGroup;
			children = (
				3BE79E99215259C900E8FBB8 /* FEMOTests.swift */,
				3BE79E9B215259C900E8FBB8 /* Info.plist */,
			);
			path = FEMOTests;
			sourceTree = "<group>";
		};
		3BE79EA3215259C900E8FBB8 /* FEMOUITests */ = {
			isa = PBXGroup;
			children = (
				3BE79EA4215259C900E8FBB8 /* FEMOUITests.swift */,
				3BE79EA6215259C900E8FBB8 /* Info.plist */,
			);
			path = FEMOUITests;
			sourceTree = "<group>";
		};
		EA4E80CA215554DE0036CC2B /* SpaceGameScene */ = {
			isa = PBXGroup;
			children = (
				3BE79E80215259C800E8FBB8 /* GameScene.sks */,
				EADEA1F8215922220012211A /* GameScene.swift */,
			);
			path = SpaceGameScene;
			sourceTree = "<group>";
		};
		EA814AD1215676A6008E145C /* QuestionScene */ = {
			isa = PBXGroup;
			children = (
				EA4E80CD21555DF50036CC2B /* QuestionScene.sks */,
				EA814ACF21567693008E145C /* QuestionScene.swift */,
			);
			path = QuestionScene;
			sourceTree = "<group>";
		};
		EAB15C922152958F00304419 /* Sounds */ = {
			isa = PBXGroup;
			children = (
				EADEA1FA215922300012211A /* Ta Da-Sound.wav */,
				EAB15C932152958F00304419 /* tap.wav */,
			);
			path = Sounds;
			sourceTree = "<group>";
		};
		EADEA1FC2159223A0012211A /* Information_Page */ = {
			isa = PBXGroup;
			children = (
				EADEA1FD2159223A0012211A /* Information.sks */,
				EADEA1FE2159223A0012211A /* InformationScene.swift */,
			);
			path = Information_Page;
			sourceTree = "<group>";
		};
		EADEA201215922400012211A /* Main_Page */ = {
			isa = PBXGroup;
			children = (
				EADEA202215922400012211A /* Main_page.swift */,
				EADEA203215922400012211A /* Main_page.sks */,
			);
			path = Main_Page;
			sourceTree = "<group>";
		};
/* End PBXGroup section */

/* Begin PBXNativeTarget section */
		3BE79E7A215259C800E8FBB8 /* FEMO */ = {
			isa = PBXNativeTarget;
			buildConfigurationList = 3BE79EA9215259C900E8FBB8 /* Build configuration list for PBXNativeTarget "FEMO" */;
			buildPhases = (
				3BE79E77215259C800E8FBB8 /* Sources */,
				3BE79E78215259C800E8FBB8 /* Frameworks */,
				3BE79E79215259C800E8FBB8 /* Resources */,
			);
			buildRules = (
			);
			dependencies = (
			);
			name = FEMO;
			productName = FEMO;
			productReference = 3BE79E7B215259C800E8FBB8 /* FEMO.app */;
			productType = "com.apple.product-type.application";
		};
		3BE79E94215259C900E8FBB8 /* FEMOTests */ = {
			isa = PBXNativeTarget;
			buildConfigurationList = 3BE79EAC215259C900E8FBB8 /* Build configuration list for PBXNativeTarget "FEMOTests" */;
			buildPhases = (
				3BE79E91215259C900E8FBB8 /* Sources */,
				3BE79E92215259C900E8FBB8 /* Frameworks */,
				3BE79E93215259C900E8FBB8 /* Resources */,
			);
			buildRules = (
			);
			dependencies = (
				3BE79E97215259C900E8FBB8 /* PBXTargetDependency */,
			);
			name = FEMOTests;
			productName = FEMOTests;
			productReference = 3BE79E95215259C900E8FBB8 /* FEMOTests.xctest */;
			productType = "com.apple.product-type.bundle.unit-test";
		};
		3BE79E9F215259C900E8FBB8 /* FEMOUITests */ = {
			isa = PBXNativeTarget;
			buildConfigurationList = 3BE79EAF215259C900E8FBB8 /* Build configuration list for PBXNativeTarget "FEMOUITests" */;
			buildPhases = (
				3BE79E9C215259C900E8FBB8 /* Sources */,
				3BE79E9D215259C900E8FBB8 /* Frameworks */,
				3BE79E9E215259C900E8FBB8 /* Resources */,
			);
			buildRules = (
			);
			dependencies = (
				3BE79EA2215259C900E8FBB8 /* PBXTargetDependency */,
			);
			name = FEMOUITests;
			productName = FEMOUITests;
			productReference = 3BE79EA0215259C900E8FBB8 /* FEMOUITests.xctest */;
			productType = "com.apple.product-type.bundle.ui-testing";
		};
/* End PBXNativeTarget section */

/* Begin PBXProject section */
		3BE79E73215259C800E8FBB8 /* Project object */ = {
			isa = PBXProject;
			attributes = {
				LastSwiftUpdateCheck = 0940;
				LastUpgradeCheck = 0940;
				ORGANIZATIONNAME = "FEMO@Makers";
				TargetAttributes = {
					3BE79E7A215259C800E8FBB8 = {
						CreatedOnToolsVersion = 9.4.1;
					};
					3BE79E94215259C900E8FBB8 = {
						CreatedOnToolsVersion = 9.4.1;
						TestTargetID = 3BE79E7A215259C800E8FBB8;
					};
					3BE79E9F215259C900E8FBB8 = {
						CreatedOnToolsVersion = 9.4.1;
						TestTargetID = 3BE79E7A215259C800E8FBB8;
					};
				};
			};
			buildConfigurationList = 3BE79E76215259C800E8FBB8 /* Build configuration list for PBXProject "FEMO" */;
			compatibilityVersion = "Xcode 9.3";
			developmentRegion = en;
			hasScannedForEncodings = 0;
			knownRegions = (
				en,
				Base,
			);
			mainGroup = 3BE79E72215259C800E8FBB8;
			productRefGroup = 3BE79E7C215259C800E8FBB8 /* Products */;
			projectDirPath = "";
			projectRoot = "";
			targets = (
				3BE79E7A215259C800E8FBB8 /* FEMO */,
				3BE79E94215259C900E8FBB8 /* FEMOTests */,
				3BE79E9F215259C900E8FBB8 /* FEMOUITests */,
			);
		};
/* End PBXProject section */

/* Begin PBXResourcesBuildPhase section */
		3BE79E79215259C800E8FBB8 /* Resources */ = {
			isa = PBXResourcesBuildPhase;
			buildActionMask = 2147483647;
			files = (
				EAB15C942152958F00304419 /* tap.wav in Resources */,
				EADEA205215922400012211A /* Main_page.sks in Resources */,
				3BE79E8A215259C800E8FBB8 /* Main.storyboard in Resources */,
				EA4E80BE2154F49A0036CC2B /* QuestionPopupViewController.storyboard in Resources */,
				3BE79E81215259C800E8FBB8 /* GameScene.sks in Resources */,
				EADEA1FF2159223A0012211A /* Information.sks in Resources */,
				3BE79E8C215259C800E8FBB8 /* Assets.xcassets in Resources */,
				3BE79E8F215259C800E8FBB8 /* LaunchScreen.storyboard in Resources */,
				EAF2530F2158FD55001FB9CF /* Starfield.sks in Resources */,
				EADEA1FB215922300012211A /* Ta Da-Sound.wav in Resources */,
				EA4E80CE21555DF50036CC2B /* QuestionScene.sks in Resources */,
				3BE79E83215259C800E8FBB8 /* Actions.sks in Resources */,
			);
			runOnlyForDeploymentPostprocessing = 0;
		};
		3BE79E93215259C900E8FBB8 /* Resources */ = {
			isa = PBXResourcesBuildPhase;
			buildActionMask = 2147483647;
			files = (
			);
			runOnlyForDeploymentPostprocessing = 0;
		};
		3BE79E9E215259C900E8FBB8 /* Resources */ = {
			isa = PBXResourcesBuildPhase;
			buildActionMask = 2147483647;
			files = (
			);
			runOnlyForDeploymentPostprocessing = 0;
		};
/* End PBXResourcesBuildPhase section */

/* Begin PBXSourcesBuildPhase section */
		3BE79E77215259C800E8FBB8 /* Sources */ = {
			isa = PBXSourcesBuildPhase;
			buildActionMask = 2147483647;
			files = (
				EA4E80C5215523900036CC2B /* Question.swift in Sources */,
				EA814AD021567693008E145C /* QuestionScene.swift in Sources */,
				EADEA204215922400012211A /* Main_page.swift in Sources */,
				EADEA1F9215922220012211A /* GameScene.swift in Sources */,
				3BE79E87215259C800E8FBB8 /* GameViewController.swift in Sources */,
				EA4E80C72155247E0036CC2B /* QuestionList.swift in Sources */,
				EADEA2002159223A0012211A /* InformationScene.swift in Sources */,
				EA4E80BB2154EA4B0036CC2B /* QuestionViewController.swift in Sources */,
				3BE79E7F215259C800E8FBB8 /* AppDelegate.swift in Sources */,
			);
			runOnlyForDeploymentPostprocessing = 0;
		};
		3BE79E91215259C900E8FBB8 /* Sources */ = {
			isa = PBXSourcesBuildPhase;
			buildActionMask = 2147483647;
			files = (
				3BE79E9A215259C900E8FBB8 /* FEMOTests.swift in Sources */,
			);
			runOnlyForDeploymentPostprocessing = 0;
		};
		3BE79E9C215259C900E8FBB8 /* Sources */ = {
			isa = PBXSourcesBuildPhase;
			buildActionMask = 2147483647;
			files = (
				3BE79EA5215259C900E8FBB8 /* FEMOUITests.swift in Sources */,
			);
			runOnlyForDeploymentPostprocessing = 0;
		};
/* End PBXSourcesBuildPhase section */

/* Begin PBXTargetDependency section */
		3BE79E97215259C900E8FBB8 /* PBXTargetDependency */ = {
			isa = PBXTargetDependency;
			target = 3BE79E7A215259C800E8FBB8 /* FEMO */;
			targetProxy = 3BE79E96215259C900E8FBB8 /* PBXContainerItemProxy */;
		};
		3BE79EA2215259C900E8FBB8 /* PBXTargetDependency */ = {
			isa = PBXTargetDependency;
			target = 3BE79E7A215259C800E8FBB8 /* FEMO */;
			targetProxy = 3BE79EA1215259C900E8FBB8 /* PBXContainerItemProxy */;
		};
/* End PBXTargetDependency section */

/* Begin PBXVariantGroup section */
		3BE79E88215259C800E8FBB8 /* Main.storyboard */ = {
			isa = PBXVariantGroup;
			children = (
				3BE79E89215259C800E8FBB8 /* Base */,
			);
			name = Main.storyboard;
			sourceTree = "<group>";
		};
		3BE79E8D215259C800E8FBB8 /* LaunchScreen.storyboard */ = {
			isa = PBXVariantGroup;
			children = (
				3BE79E8E215259C800E8FBB8 /* Base */,
			);
			name = LaunchScreen.storyboard;
			sourceTree = "<group>";
		};
		EA4E80BC2154F49A0036CC2B /* QuestionPopupViewController.storyboard */ = {
			isa = PBXVariantGroup;
			children = (
				EA4E80BD2154F49A0036CC2B /* Base */,
			);
			name = QuestionPopupViewController.storyboard;
			sourceTree = "<group>";
		};
/* End PBXVariantGroup section */

/* Begin XCBuildConfiguration section */
		3BE79EA7215259C900E8FBB8 /* Debug */ = {
			isa = XCBuildConfiguration;
			buildSettings = {
				ALWAYS_SEARCH_USER_PATHS = NO;
				CLANG_ANALYZER_NONNULL = YES;
				CLANG_ANALYZER_NUMBER_OBJECT_CONVERSION = YES_AGGRESSIVE;
				CLANG_CXX_LANGUAGE_STANDARD = "gnu++14";
				CLANG_CXX_LIBRARY = "libc++";
				CLANG_ENABLE_MODULES = YES;
				CLANG_ENABLE_OBJC_ARC = YES;
				CLANG_ENABLE_OBJC_WEAK = YES;
				CLANG_WARN_BLOCK_CAPTURE_AUTORELEASING = YES;
				CLANG_WARN_BOOL_CONVERSION = YES;
				CLANG_WARN_COMMA = YES;
				CLANG_WARN_CONSTANT_CONVERSION = YES;
				CLANG_WARN_DEPRECATED_OBJC_IMPLEMENTATIONS = YES;
				CLANG_WARN_DIRECT_OBJC_ISA_USAGE = YES_ERROR;
				CLANG_WARN_DOCUMENTATION_COMMENTS = YES;
				CLANG_WARN_EMPTY_BODY = YES;
				CLANG_WARN_ENUM_CONVERSION = YES;
				CLANG_WARN_INFINITE_RECURSION = YES;
				CLANG_WARN_INT_CONVERSION = YES;
				CLANG_WARN_NON_LITERAL_NULL_CONVERSION = YES;
				CLANG_WARN_OBJC_IMPLICIT_RETAIN_SELF = YES;
				CLANG_WARN_OBJC_LITERAL_CONVERSION = YES;
				CLANG_WARN_OBJC_ROOT_CLASS = YES_ERROR;
				CLANG_WARN_RANGE_LOOP_ANALYSIS = YES;
				CLANG_WARN_STRICT_PROTOTYPES = YES;
				CLANG_WARN_SUSPICIOUS_MOVE = YES;
				CLANG_WARN_UNGUARDED_AVAILABILITY = YES_AGGRESSIVE;
				CLANG_WARN_UNREACHABLE_CODE = YES;
				CLANG_WARN__DUPLICATE_METHOD_MATCH = YES;
				CODE_SIGN_IDENTITY = "iPhone Developer";
				COPY_PHASE_STRIP = NO;
				DEBUG_INFORMATION_FORMAT = dwarf;
				ENABLE_STRICT_OBJC_MSGSEND = YES;
				ENABLE_TESTABILITY = YES;
				GCC_C_LANGUAGE_STANDARD = gnu11;
				GCC_DYNAMIC_NO_PIC = NO;
				GCC_NO_COMMON_BLOCKS = YES;
				GCC_OPTIMIZATION_LEVEL = 0;
				GCC_PREPROCESSOR_DEFINITIONS = (
					"DEBUG=1",
					"$(inherited)",
				);
				GCC_WARN_64_TO_32_BIT_CONVERSION = YES;
				GCC_WARN_ABOUT_RETURN_TYPE = YES_ERROR;
				GCC_WARN_UNDECLARED_SELECTOR = YES;
				GCC_WARN_UNINITIALIZED_AUTOS = YES_AGGRESSIVE;
				GCC_WARN_UNUSED_FUNCTION = YES;
				GCC_WARN_UNUSED_VARIABLE = YES;
				IPHONEOS_DEPLOYMENT_TARGET = 11.4;
				MTL_ENABLE_DEBUG_INFO = YES;
				ONLY_ACTIVE_ARCH = YES;
				SDKROOT = iphoneos;
				SWIFT_ACTIVE_COMPILATION_CONDITIONS = DEBUG;
				SWIFT_OPTIMIZATION_LEVEL = "-Onone";
			};
			name = Debug;
		};
		3BE79EA8215259C900E8FBB8 /* Release */ = {
			isa = XCBuildConfiguration;
			buildSettings = {
				ALWAYS_SEARCH_USER_PATHS = NO;
				CLANG_ANALYZER_NONNULL = YES;
				CLANG_ANALYZER_NUMBER_OBJECT_CONVERSION = YES_AGGRESSIVE;
				CLANG_CXX_LANGUAGE_STANDARD = "gnu++14";
				CLANG_CXX_LIBRARY = "libc++";
				CLANG_ENABLE_MODULES = YES;
				CLANG_ENABLE_OBJC_ARC = YES;
				CLANG_ENABLE_OBJC_WEAK = YES;
				CLANG_WARN_BLOCK_CAPTURE_AUTORELEASING = YES;
				CLANG_WARN_BOOL_CONVERSION = YES;
				CLANG_WARN_COMMA = YES;
				CLANG_WARN_CONSTANT_CONVERSION = YES;
				CLANG_WARN_DEPRECATED_OBJC_IMPLEMENTATIONS = YES;
				CLANG_WARN_DIRECT_OBJC_ISA_USAGE = YES_ERROR;
				CLANG_WARN_DOCUMENTATION_COMMENTS = YES;
				CLANG_WARN_EMPTY_BODY = YES;
				CLANG_WARN_ENUM_CONVERSION = YES;
				CLANG_WARN_INFINITE_RECURSION = YES;
				CLANG_WARN_INT_CONVERSION = YES;
				CLANG_WARN_NON_LITERAL_NULL_CONVERSION = YES;
				CLANG_WARN_OBJC_IMPLICIT_RETAIN_SELF = YES;
				CLANG_WARN_OBJC_LITERAL_CONVERSION = YES;
				CLANG_WARN_OBJC_ROOT_CLASS = YES_ERROR;
				CLANG_WARN_RANGE_LOOP_ANALYSIS = YES;
				CLANG_WARN_STRICT_PROTOTYPES = YES;
				CLANG_WARN_SUSPICIOUS_MOVE = YES;
				CLANG_WARN_UNGUARDED_AVAILABILITY = YES_AGGRESSIVE;
				CLANG_WARN_UNREACHABLE_CODE = YES;
				CLANG_WARN__DUPLICATE_METHOD_MATCH = YES;
				CODE_SIGN_IDENTITY = "iPhone Developer";
				COPY_PHASE_STRIP = NO;
				DEBUG_INFORMATION_FORMAT = "dwarf-with-dsym";
				ENABLE_NS_ASSERTIONS = NO;
				ENABLE_STRICT_OBJC_MSGSEND = YES;
				GCC_C_LANGUAGE_STANDARD = gnu11;
				GCC_NO_COMMON_BLOCKS = YES;
				GCC_WARN_64_TO_32_BIT_CONVERSION = YES;
				GCC_WARN_ABOUT_RETURN_TYPE = YES_ERROR;
				GCC_WARN_UNDECLARED_SELECTOR = YES;
				GCC_WARN_UNINITIALIZED_AUTOS = YES_AGGRESSIVE;
				GCC_WARN_UNUSED_FUNCTION = YES;
				GCC_WARN_UNUSED_VARIABLE = YES;
				IPHONEOS_DEPLOYMENT_TARGET = 11.4;
				MTL_ENABLE_DEBUG_INFO = NO;
				SDKROOT = iphoneos;
				SWIFT_COMPILATION_MODE = wholemodule;
				SWIFT_OPTIMIZATION_LEVEL = "-O";
				VALIDATE_PRODUCT = YES;
			};
			name = Release;
		};
		3BE79EAA215259C900E8FBB8 /* Debug */ = {
			isa = XCBuildConfiguration;
			buildSettings = {
				ASSETCATALOG_COMPILER_APPICON_NAME = AppIcon;
				CODE_SIGN_STYLE = Automatic;
				INFOPLIST_FILE = FEMO/Info.plist;
				LD_RUNPATH_SEARCH_PATHS = (
					"$(inherited)",
					"@executable_path/Frameworks",
				);
				PRODUCT_BUNDLE_IDENTIFIER = com.femo.FEMO;
				PRODUCT_NAME = "$(TARGET_NAME)";
				SWIFT_VERSION = 4.0;
				TARGETED_DEVICE_FAMILY = "1,2";
			};
			name = Debug;
		};
		3BE79EAB215259C900E8FBB8 /* Release */ = {
			isa = XCBuildConfiguration;
			buildSettings = {
				ASSETCATALOG_COMPILER_APPICON_NAME = AppIcon;
				CODE_SIGN_STYLE = Automatic;
				INFOPLIST_FILE = FEMO/Info.plist;
				LD_RUNPATH_SEARCH_PATHS = (
					"$(inherited)",
					"@executable_path/Frameworks",
				);
				PRODUCT_BUNDLE_IDENTIFIER = com.femo.FEMO;
				PRODUCT_NAME = "$(TARGET_NAME)";
				SWIFT_VERSION = 4.0;
				TARGETED_DEVICE_FAMILY = "1,2";
			};
			name = Release;
		};
		3BE79EAD215259C900E8FBB8 /* Debug */ = {
			isa = XCBuildConfiguration;
			buildSettings = {
				ALWAYS_EMBED_SWIFT_STANDARD_LIBRARIES = YES;
				BUNDLE_LOADER = "$(TEST_HOST)";
				CODE_SIGN_STYLE = Automatic;
				INFOPLIST_FILE = FEMOTests/Info.plist;
				LD_RUNPATH_SEARCH_PATHS = (
					"$(inherited)",
					"@executable_path/Frameworks",
					"@loader_path/Frameworks",
				);
				PRODUCT_BUNDLE_IDENTIFIER = com.femo.FEMOTests;
				PRODUCT_NAME = "$(TARGET_NAME)";
				SWIFT_VERSION = 4.0;
				TARGETED_DEVICE_FAMILY = "1,2";
				TEST_HOST = "$(BUILT_PRODUCTS_DIR)/FEMO.app/FEMO";
			};
			name = Debug;
		};
		3BE79EAE215259C900E8FBB8 /* Release */ = {
			isa = XCBuildConfiguration;
			buildSettings = {
				ALWAYS_EMBED_SWIFT_STANDARD_LIBRARIES = YES;
				BUNDLE_LOADER = "$(TEST_HOST)";
				CODE_SIGN_STYLE = Automatic;
				INFOPLIST_FILE = FEMOTests/Info.plist;
				LD_RUNPATH_SEARCH_PATHS = (
					"$(inherited)",
					"@executable_path/Frameworks",
					"@loader_path/Frameworks",
				);
				PRODUCT_BUNDLE_IDENTIFIER = com.femo.FEMOTests;
				PRODUCT_NAME = "$(TARGET_NAME)";
				SWIFT_VERSION = 4.0;
				TARGETED_DEVICE_FAMILY = "1,2";
				TEST_HOST = "$(BUILT_PRODUCTS_DIR)/FEMO.app/FEMO";
			};
			name = Release;
		};
		3BE79EB0215259C900E8FBB8 /* Debug */ = {
			isa = XCBuildConfiguration;
			buildSettings = {
				ALWAYS_EMBED_SWIFT_STANDARD_LIBRARIES = YES;
				CODE_SIGN_STYLE = Automatic;
				INFOPLIST_FILE = FEMOUITests/Info.plist;
				LD_RUNPATH_SEARCH_PATHS = (
					"$(inherited)",
					"@executable_path/Frameworks",
					"@loader_path/Frameworks",
				);
				PRODUCT_BUNDLE_IDENTIFIER = com.femo.FEMOUITests;
				PRODUCT_NAME = "$(TARGET_NAME)";
				SWIFT_VERSION = 4.0;
				TARGETED_DEVICE_FAMILY = "1,2";
				TEST_TARGET_NAME = FEMO;
			};
			name = Debug;
		};
		3BE79EB1215259C900E8FBB8 /* Release */ = {
			isa = XCBuildConfiguration;
			buildSettings = {
				ALWAYS_EMBED_SWIFT_STANDARD_LIBRARIES = YES;
				CODE_SIGN_STYLE = Automatic;
				INFOPLIST_FILE = FEMOUITests/Info.plist;
				LD_RUNPATH_SEARCH_PATHS = (
					"$(inherited)",
					"@executable_path/Frameworks",
					"@loader_path/Frameworks",
				);
				PRODUCT_BUNDLE_IDENTIFIER = com.femo.FEMOUITests;
				PRODUCT_NAME = "$(TARGET_NAME)";
				SWIFT_VERSION = 4.0;
				TARGETED_DEVICE_FAMILY = "1,2";
				TEST_TARGET_NAME = FEMO;
			};
			name = Release;
		};
/* End XCBuildConfiguration section */

/* Begin XCConfigurationList section */
		3BE79E76215259C800E8FBB8 /* Build configuration list for PBXProject "FEMO" */ = {
			isa = XCConfigurationList;
			buildConfigurations = (
				3BE79EA7215259C900E8FBB8 /* Debug */,
				3BE79EA8215259C900E8FBB8 /* Release */,
			);
			defaultConfigurationIsVisible = 0;
			defaultConfigurationName = Release;
		};
		3BE79EA9215259C900E8FBB8 /* Build configuration list for PBXNativeTarget "FEMO" */ = {
			isa = XCConfigurationList;
			buildConfigurations = (
				3BE79EAA215259C900E8FBB8 /* Debug */,
				3BE79EAB215259C900E8FBB8 /* Release */,
			);
			defaultConfigurationIsVisible = 0;
			defaultConfigurationName = Release;
		};
		3BE79EAC215259C900E8FBB8 /* Build configuration list for PBXNativeTarget "FEMOTests" */ = {
			isa = XCConfigurationList;
			buildConfigurations = (
				3BE79EAD215259C900E8FBB8 /* Debug */,
				3BE79EAE215259C900E8FBB8 /* Release */,
			);
			defaultConfigurationIsVisible = 0;
			defaultConfigurationName = Release;
		};
		3BE79EAF215259C900E8FBB8 /* Build configuration list for PBXNativeTarget "FEMOUITests" */ = {
			isa = XCConfigurationList;
			buildConfigurations = (
				3BE79EB0215259C900E8FBB8 /* Debug */,
				3BE79EB1215259C900E8FBB8 /* Release */,
			);
			defaultConfigurationIsVisible = 0;
			defaultConfigurationName = Release;
		};
/* End XCConfigurationList section */
	};
	rootObject = 3BE79E73215259C800E8FBB8 /* Project object */;
}
